
Microsoft Visual Studio Solution File, Format Version 12.00
# Visual Studio Version 17
VisualStudioVersion = 17.14.37502.11 d17.14
MinimumVisualStudioVersion = 10.0.40219.1
Project("{FAE04EC0-301F-11D3-BF4B-00C04F79EFBC}") = "Project1", "Project1.csproj", "{476ADA0F-F228-4FDA-853C-7E58A399140F}"
EndProject
Global
	GlobalSection(SolutionConfigurationPlatforms) = preSolution
		Debug|Any CPU = Debug|Any CPU
		Release|Any CPU = Release|Any CPU
	EndGlobalSection
	GlobalSection(ProjectConfigurationPlatforms) = postSolution
		{476ADA0F-F228-4FDA-853C-7E58A399140F}.Debug|Any CPU.ActiveCfg = Debug|Any CPU
		{476ADA0F-F228-4FDA-853C-7E58A399140F}.Debug|Any CPU.Build.0 = Debug|Any CPU
		{476ADA0F-F228-4FDA-853C-7E58A399140F}.Release|Any CPU.ActiveCfg = Release|Any CPU
		{476ADA0F-F228-4FDA-853C-7E58A399140F}.Release|Any CPU.Build.0 = Release|Any CPU
	EndGlobalSection
	GlobalSection(SolutionProperties) = preSolution
		HideSolutionNode = FALSE
	EndGlobalSection
	GlobalSection(ExtensibilityGlobals) = postSolution
		SolutionGuid = {948775BB-8B13-488A-A19A-27559FD4C6EE}
	EndGlobalSection
EndGlobal
